
Microsoft Visual Studio Solution File, Format Version 12.00
# Visual Studio Version 16
VisualStudioVersion = 16.0.30907.101
MinimumVisualStudioVersion = 10.0.40219.1
Project("{FAE04EC0-301F-11D3-BF4B-00C04F79EFBC}") = "AddNumbersFinal", "AddNumbersFinal\AddNumbersFinal.csproj", "{99A9EAD9-0D8A-4482-A9B2-72E1373A9724}"
EndProject
Global
	GlobalSection(SolutionConfigurationPlatforms) = preSolution
		Debug|Any CPU = Debug|Any CPU
		Release|Any CPU = Release|Any CPU
	EndGlobalSection
	GlobalSection(ProjectConfigurationPlatforms) = postSolution
		{99A9EAD9-0D8A-4482-A9B2-72E1373A9724}.Debug|Any CPU.ActiveCfg = Debug|Any CPU
		{99A9EAD9-0D8A-4482-A9B2-72E1373A9724}.Debug|Any CPU.Build.0 = Debug|Any CPU
		{99A9EAD9-0D8A-4482-A9B2-72E1373A9724}.Release|Any CPU.ActiveCfg = Release|Any CPU
		{99A9EAD9-0D8A-4482-A9B2-72E1373A9724}.Release|Any CPU.Build.0 = Release|Any CPU
	EndGlobalSection
	GlobalSection(SolutionProperties) = preSolution
		HideSolutionNode = FALSE
	EndGlobalSection
	GlobalSection(ExtensibilityGlobals) = postSolution
		SolutionGuid = {0F6B2BDB-C683-40CE-9B7C-F35CDA710B30}
	EndGlobalSection
EndGlobal
